
Microsoft Visual Studio Solution File, Format Version 12.00
# Visual Studio Version 17
VisualStudioVersion = 17.9.34714.143
MinimumVisualStudioVersion = 10.0.40219.1
Project("{2150E333-8FDC-42A3-9474-1A3956D46DE8}") = "Source", "Source", "{BF3F2313-DEB8-4207-951A-8F7E65E9F6B8}"
EndProject
Project("{9A19103F-16F7-4668-BE54-9A1E7A4F7556}") = "Server", "Source\Server\Server.csproj", "{4FBB1642-39AE-4CA4-90CE-678576BEDCCB}"
EndProject
Project("{FAE04EC0-301F-11D3-BF4B-00C04F79EFBC}") = "Client", "Source\Client\Client.csproj", "{B33735C1-31EB-4032-AF01-AB0CA0AE5CC3}"
EndProject
Global
	GlobalSection(SolutionConfigurationPlatforms) = preSolution
		Debug|Any CPU = Debug|Any CPU
		Release|Any CPU = Release|Any CPU
	EndGlobalSection
	GlobalSection(ProjectConfigurationPlatforms) = postSolution
		{4FBB1642-39AE-4CA4-90CE-678576BEDCCB}.Debug|Any CPU.ActiveCfg = Debug|Any CPU
		{4FBB1642-39AE-4CA4-90CE-678576BEDCCB}.Debug|Any CPU.Build.0 = Debug|Any CPU
		{4FBB1642-39AE-4CA4-90CE-678576BEDCCB}.Release|Any CPU.ActiveCfg = Release|Any CPU
		{4FBB1642-39AE-4CA4-90CE-678576BEDCCB}.Release|Any CPU.Build.0 = Release|Any CPU
		{B33735C1-31EB-4032-AF01-AB0CA0AE5CC3}.Debug|Any CPU.ActiveCfg = Debug|Any CPU
		{B33735C1-31EB-4032-AF01-AB0CA0AE5CC3}.Debug|Any CPU.Build.0 = Debug|Any CPU
		{B33735C1-31EB-4032-AF01-AB0CA0AE5CC3}.Release|Any CPU.ActiveCfg = Release|Any CPU
		{B33735C1-31EB-4032-AF01-AB0CA0AE5CC3}.Release|Any CPU.Build.0 = Release|Any CPU
	EndGlobalSection
	GlobalSection(SolutionProperties) = preSolution
		HideSolutionNode = FALSE
	EndGlobalSection
	GlobalSection(NestedProjects) = preSolution
		{4FBB1642-39AE-4CA4-90CE-678576BEDCCB} = {BF3F2313-DEB8-4207-951A-8F7E65E9F6B8}
		{B33735C1-31EB-4032-AF01-AB0CA0AE5CC3} = {BF3F2313-DEB8-4207-951A-8F7E65E9F6B8}
	EndGlobalSection
	GlobalSection(ExtensibilityGlobals) = postSolution
		SolutionGuid = {3A3785CB-B0C3-47D3-90FB-8F0EC5A1CCB6}
	EndGlobalSection
EndGlobal
